dependencies:
- name: postgres-operator
  repository: https://opensource.zalando.com/postgres-operator/charts/postgres-operator
  version: 1.10.0
- name: postgres-operator-ui
  repository: https://opensource.zalando.com/postgres-operator/charts/postgres-operator-ui
  version: 1.8.2
digest: sha256:40e8c1d9eaff5ab5ea534c7707b2465bd0edde992136e0e6288b1bf85dc5e6ed
generated: "2023-05-28T10:04:51.788161041Z"
