dependencies:
- name: ingress-nginx
  repository: https://kubernetes.github.io/ingress-nginx
  version: 4.4.0
- name: ingress-nginx
  repository: https://kubernetes.github.io/ingress-nginx
  version: 4.4.0
digest: sha256:4c8a645e362cf75e2d8f38637f5fa78bad9fdc71642a77fad64f98e793776947
generated: "2022-11-10T03:11:28.006594693Z"
