dependencies:
- name: ingress-nginx
  repository: https://kubernetes.github.io/ingress-nginx
  version: 4.7.1
- name: ingress-nginx
  repository: https://kubernetes.github.io/ingress-nginx
  version: 4.7.1
- name: ingress-nginx
  repository: https://kubernetes.github.io/ingress-nginx
  version: 4.7.1
digest: sha256:456dcb86ed87846abee2f5bec32c9b2e847a23ea3c165555004d18a0ed30a7e7
generated: "2023-06-30T22:43:37.452445208Z"
