dependencies:
- name: ingress-nginx
  repository: https://kubernetes.github.io/ingress-nginx
  version: 3.23.0
- name: ingress-nginx
  repository: https://kubernetes.github.io/ingress-nginx
  version: 3.23.0
digest: sha256:223d0519cf30ed5f5a8d8e22f718d09e89fad9a89092c93ccdae4cf08ee70a84
generated: "2021-04-25T11:22:53.854831671+02:00"
